
Microsoft Visual Studio Solution File, Format Version 12.00
Project("{FAE04EC0-301F-11D3-BF4B-00C04F79EFBC}") = "PosTest", "PosTest\PosTest.csproj", "{E8808B5E-F860-44E4-AAE3-5DE7EA149C16}"
EndProject
Project("{FAE04EC0-301F-11D3-BF4B-00C04F79EFBC}") = "IGPOS.Data", "..\..\igpos\IGPOS.Data\IGPOS.Data.csproj", "{153D2C4B-7548-43A9-8338-8731D6024057}"
EndProject
Global
	GlobalSection(SolutionConfigurationPlatforms) = preSolution
		Debug|Any CPU = Debug|Any CPU
		Release|Any CPU = Release|Any CPU
	EndGlobalSection
	GlobalSection(ProjectConfigurationPlatforms) = postSolution
		{E8808B5E-F860-44E4-AAE3-5DE7EA149C16}.Debug|Any CPU.ActiveCfg = Debug|Any CPU
		{E8808B5E-F860-44E4-AAE3-5DE7EA149C16}.Debug|Any CPU.Build.0 = Debug|Any CPU
		{E8808B5E-F860-44E4-AAE3-5DE7EA149C16}.Release|Any CPU.ActiveCfg = Release|Any CPU
		{E8808B5E-F860-44E4-AAE3-5DE7EA149C16}.Release|Any CPU.Build.0 = Release|Any CPU
		{153D2C4B-7548-43A9-8338-8731D6024057}.Debug|Any CPU.ActiveCfg = Debug|Any CPU
		{153D2C4B-7548-43A9-8338-8731D6024057}.Debug|Any CPU.Build.0 = Debug|Any CPU
		{153D2C4B-7548-43A9-8338-8731D6024057}.Release|Any CPU.ActiveCfg = Release|Any CPU
		{153D2C4B-7548-43A9-8338-8731D6024057}.Release|Any CPU.Build.0 = Release|Any CPU
	EndGlobalSection
EndGlobal
